
Microsoft Visual Studio Solution File, Format Version 12.00
# Visual Studio Version 16
VisualStudioVersion = 16.0.29806.167
MinimumVisualStudioVersion = 10.0.40219.1
Project("{FAE04EC0-301F-11D3-BF4B-00C04F79EFBC}") = "Appointment Reminder", "Appointment Reminder.csproj", "{C431A1B9-26A9-4E05-871A-09A48FFB8403}"
EndProject
Global
	GlobalSection(SolutionConfigurationPlatforms) = preSolution
		Debug|Any CPU = Debug|Any CPU
		Release|Any CPU = Release|Any CPU
	EndGlobalSection
	GlobalSection(ProjectConfigurationPlatforms) = postSolution
		{C431A1B9-26A9-4E05-871A-09A48FFB8403}.Debug|Any CPU.ActiveCfg = Debug|Any CPU
		{C431A1B9-26A9-4E05-871A-09A48FFB8403}.Debug|Any CPU.Build.0 = Debug|Any CPU
		{C431A1B9-26A9-4E05-871A-09A48FFB8403}.Release|Any CPU.ActiveCfg = Release|Any CPU
		{C431A1B9-26A9-4E05-871A-09A48FFB8403}.Release|Any CPU.Build.0 = Release|Any CPU
	EndGlobalSection
	GlobalSection(SolutionProperties) = preSolution
		HideSolutionNode = FALSE
	EndGlobalSection
	GlobalSection(ExtensibilityGlobals) = postSolution
		SolutionGuid = {4D208567-B0CE-4A1A-86F2-9676A060356F}
	EndGlobalSection
EndGlobal
